
Microsoft Visual Studio Solution File, Format Version 12.00
# Visual Studio 15
Project("{FAE04EC0-301F-11D3-BF4B-00C04F79EFBC}") = "HealthySnacks", "HealthySnacks\HealthySnacks.csproj", "{26088778-8588-4EF9-AE07-5D487AC2F08C}"
EndProject
Project("{FAE04EC0-301F-11D3-BF4B-00C04F79EFBC}") = "HealthySnacks.DataAccess", "HealthySnacks.DataAccess\HealthySnacks.DataAccess.csproj", "{DBA0E874-9225-47F5-9873-EE17BB6BE485}"
EndProject
Global
	GlobalSection(SolutionConfigurationPlatforms) = preSolution
		Debug|Any CPU = Debug|Any CPU
		Release|Any CPU = Release|Any CPU
	EndGlobalSection
	GlobalSection(ProjectConfigurationPlatforms) = postSolution
		{26088778-8588-4EF9-AE07-5D487AC2F08C}.Debug|Any CPU.ActiveCfg = Debug|Any CPU
		{26088778-8588-4EF9-AE07-5D487AC2F08C}.Debug|Any CPU.Build.0 = Debug|Any CPU
		{26088778-8588-4EF9-AE07-5D487AC2F08C}.Release|Any CPU.ActiveCfg = Release|Any CPU
		{26088778-8588-4EF9-AE07-5D487AC2F08C}.Release|Any CPU.Build.0 = Release|Any CPU
		{DBA0E874-9225-47F5-9873-EE17BB6BE485}.Debug|Any CPU.ActiveCfg = Debug|Any CPU
		{DBA0E874-9225-47F5-9873-EE17BB6BE485}.Debug|Any CPU.Build.0 = Debug|Any CPU
		{DBA0E874-9225-47F5-9873-EE17BB6BE485}.Release|Any CPU.ActiveCfg = Release|Any CPU
		{DBA0E874-9225-47F5-9873-EE17BB6BE485}.Release|Any CPU.Build.0 = Release|Any CPU
	EndGlobalSection
EndGlobal
